
Microsoft Visual Studio Solution File, Format Version 11.00
# Visual Studio 2010
Project("{FAE04EC0-301F-11D3-BF4B-00C04F79EFBC}") = "GitTest", "GitTest\GitTest.csproj", "{026DE74C-2D15-42FA-8BA9-21869776B58A}"
EndProject
Global
	GlobalSection(SolutionConfigurationPlatforms) = preSolution
		Debug|Any CPU = Debug|Any CPU
		Release|Any CPU = Release|Any CPU
	EndGlobalSection
	GlobalSection(ProjectConfigurationPlatforms) = postSolution
		{026DE74C-2D15-42FA-8BA9-21869776B58A}.Debug|Any CPU.ActiveCfg = Debug|Any CPU
		{026DE74C-2D15-42FA-8BA9-21869776B58A}.Debug|Any CPU.Build.0 = Debug|Any CPU
		{026DE74C-2D15-42FA-8BA9-21869776B58A}.Release|Any CPU.ActiveCfg = Release|Any CPU
		{026DE74C-2D15-42FA-8BA9-21869776B58A}.Release|Any CPU.Build.0 = Release|Any CPU
	EndGlobalSection
	GlobalSection(SolutionProperties) = preSolution
		HideSolutionNode = FALSE
	EndGlobalSection
EndGlobal
